// !$*UTF8*$!
{
	archiveVersion = 1;
	classes = {
	};
	objectVersion = 46;
	objects = {

/* Begin PBXBuildFile section */
		30E91E661CC6508A009539D6 /* main.m in Sources */ = {isa = PBXBuildFile; fileRef = 30E91E651CC6508A009539D6 /* main.m */; };
		30E91E691CC6508A009539D6 /* AppDelegate.m in Sources */ = {isa = PBXBuildFile; fileRef = 30E91E681CC6508A009539D6 /* AppDelegate.m */; };
		30E91E6B1CC6508A009539D6 /* Assets.xcassets in Resources */ = {isa = PBXBuildFile; fileRef = 30E91E6A1CC6508A009539D6 /* Assets.xcassets */; };
		30E91E6E1CC6508A009539D6 /* LaunchScreen.storyboard in Resources */ = {isa = PBXBuildFile; fileRef = 30E91E6C1CC6508A009539D6 /* LaunchScreen.storyboard */; };
		30E91E771CC650B2009539D6 /* HypnosisView.m in Sources */ = {isa = PBXBuildFile; fileRef = 30E91E761CC650B2009539D6 /* HypnosisView.m */; };
		30E91E7D1CC65167009539D6 /* HypnosisViewController.m in Sources */ = {isa = PBXBuildFile; fileRef = 30E91E7C1CC65167009539D6 /* HypnosisViewController.m */; };
		30E91E801CC654A2009539D6 /* RemainderViewController.m in Sources */ = {isa = PBXBuildFile; fileRef = 30E91E7F1CC654A2009539D6 /* RemainderViewController.m */; };
		30E91E821CC65718009539D6 /* RemainderViewController.xib in Resources */ = {isa = PBXBuildFile; fileRef = 30E91E811CC65718009539D6 /* RemainderViewController.xib */; };
/* End PBXBuildFile section */

/* Begin PBXFileReference section */
		30E91E611CC6508A009539D6 /* HypnoNerd.app */ = {isa = PBXFileReference; explicitFileType = wrapper.application; includeInIndex = 0; path = HypnoNerd.app; sourceTree = BUILT_PRODUCTS_DIR; };
		30E91E651CC6508A009539D6 /* main.m */ = {isa = PBXFileReference; lastKnownFileType = sourcecode.c.objc; path = main.m; sourceTree = "<group>"; };
		30E91E671CC6508A009539D6 /* AppDelegate.h */ = {isa = PBXFileReference; lastKnownFileType = sourcecode.c.h; path = AppDelegate.h; sourceTree = "<group>"; };
		30E91E681CC6508A009539D6 /* AppDelegate.m */ = {isa = PBXFileReference; lastKnownFileType = sourcecode.c.objc; path = AppDelegate.m; sourceTree = "<group>"; };
		30E91E6A1CC6508A009539D6 /* Assets.xcassets */ = {isa = PBXFileReference; lastKnownFileType = folder.assetcatalog; path = Assets.xcassets; sourceTree = "<group>"; };
		30E91E6D1CC6508A009539D6 /* Base */ = {isa = PBXFileReference; lastKnownFileType = file.storyboard; name = Base; path = Base.lproj/LaunchScreen.storyboard; sourceTree = "<group>"; };
		30E91E6F1CC6508A009539D6 /* Info.plist */ = {isa = PBXFileReference; lastKnownFileType = text.plist.xml; path = Info.plist; sourceTree = "<group>"; };
		30E91E751CC650B2009539D6 /* HypnosisView.h */ = {isa = PBXFileReference; fileEncoding = 4; lastKnownFileType = sourcecode.c.h; path = HypnosisView.h; sourceTree = "<group>"; };
		30E91E761CC650B2009539D6 /* HypnosisView.m */ = {isa = PBXFileReference; fileEncoding = 4; lastKnownFileType = sourcecode.c.objc; path = HypnosisView.m; sourceTree = "<group>"; };
		30E91E7B1CC65167009539D6 /* HypnosisViewController.h */ = {isa = PBXFileReference; fileEncoding = 4; lastKnownFileType = sourcecode.c.h; name = HypnosisViewController.h; path = ../HypnosisViewController.h; sourceTree = "<group>"; };
		30E91E7C1CC65167009539D6 /* HypnosisViewController.m */ = {isa = PBXFileReference; fileEncoding = 4; lastKnownFileType = sourcecode.c.objc; name = HypnosisViewController.m; path = ../HypnosisViewController.m; sourceTree = "<group>"; };
		30E91E7E1CC654A2009539D6 /* RemainderViewController.h */ = {isa = PBXFileReference; fileEncoding = 4; lastKnownFileType = sourcecode.c.h; path = RemainderViewController.h; sourceTree = "<group>"; };
		30E91E7F1CC654A2009539D6 /* RemainderViewController.m */ = {isa = PBXFileReference; fileEncoding = 4; lastKnownFileType = sourcecode.c.objc; path = RemainderViewController.m; sourceTree = "<group>"; };
		30E91E811CC65718009539D6 /* RemainderViewController.xib */ = {isa = PBXFileReference; fileEncoding = 4; lastKnownFileType = file.xib; path = RemainderViewController.xib; sourceTree = "<group>"; };
/* End PBXFileReference section */

/* Begin PBXFrameworksBuildPhase section */
		30E91E5E1CC6508A009539D6 /* Frameworks */ = {
			isa = PBXFrameworksBuildPhase;
			buildActionMask = 2147483647;
			files = (
			);
			runOnlyForDeploymentPostprocessing = 0;
		};
/* End PBXFrameworksBuildPhase section */

/* Begin PBXGroup section */
		30E91E581CC6508A009539D6 = {
			isa = PBXGroup;
			children = (
				30E91E631CC6508A009539D6 /* HypnoNerd */,
				30E91E621CC6508A009539D6 /* Products */,
			);
			sourceTree = "<group>";
		};
		30E91E621CC6508A009539D6 /* Products */ = {
			isa = PBXGroup;
			children = (
				30E91E611CC6508A009539D6 /* HypnoNerd.app */,
			);
			name = Products;
			sourceTree = "<group>";
		};
		30E91E631CC6508A009539D6 /* HypnoNerd */ = {
			isa = PBXGroup;
			children = (
				30E91E7B1CC65167009539D6 /* HypnosisViewController.h */,
				30E91E7C1CC65167009539D6 /* HypnosisViewController.m */,
				30E91E751CC650B2009539D6 /* HypnosisView.h */,
				30E91E761CC650B2009539D6 /* HypnosisView.m */,
				30E91E671CC6508A009539D6 /* AppDelegate.h */,
				30E91E681CC6508A009539D6 /* AppDelegate.m */,
				30E91E7E1CC654A2009539D6 /* RemainderViewController.h */,
				30E91E7F1CC654A2009539D6 /* RemainderViewController.m */,
				30E91E811CC65718009539D6 /* RemainderViewController.xib */,
				30E91E6A1CC6508A009539D6 /* Assets.xcassets */,
				30E91E6C1CC6508A009539D6 /* LaunchScreen.storyboard */,
				30E91E6F1CC6508A009539D6 /* Info.plist */,
				30E91E641CC6508A009539D6 /* Supporting Files */,
			);
			path = HypnoNerd;
			sourceTree = "<group>";
		};
		30E91E641CC6508A009539D6 /* Supporting Files */ = {
			isa = PBXGroup;
			children = (
				30E91E651CC6508A009539D6 /* main.m */,
			);
			name = "Supporting Files";
			sourceTree = "<group>";
		};
/* End PBXGroup section */

/* Begin PBXNativeTarget section */
		30E91E601CC6508A009539D6 /* HypnoNerd */ = {
			isa = PBXNativeTarget;
			buildConfigurationList = 30E91E721CC6508A009539D6 /* Build configuration list for PBXNativeTarget "HypnoNerd" */;
			buildPhases = (
				30E91E5D1CC6508A009539D6 /* Sources */,
				30E91E5E1CC6508A009539D6 /* Frameworks */,
				30E91E5F1CC6508A009539D6 /* Resources */,
			);
			buildRules = (
			);
			dependencies = (
			);
			name = HypnoNerd;
			productName = HypnoNerd;
			productReference = 30E91E611CC6508A009539D6 /* HypnoNerd.app */;
			productType = "com.apple.product-type.application";
		};
/* End PBXNativeTarget section */

/* Begin PBXProject section */
		30E91E591CC6508A009539D6 /* Project object */ = {
			isa = PBXProject;
			attributes = {
				LastUpgradeCheck = 0730;
				ORGANIZATIONNAME = "Roman Ustiantcev";
				TargetAttributes = {
					30E91E601CC6508A009539D6 = {
						CreatedOnToolsVersion = 7.3;
						DevelopmentTeam = NVMU6WZ9AZ;
					};
				};
			};
			buildConfigurationList = 30E91E5C1CC6508A009539D6 /* Build configuration list for PBXProject "HypnoNerd" */;
			compatibilityVersion = "Xcode 3.2";
			developmentRegion = English;
			hasScannedForEncodings = 0;
			knownRegions = (
				en,
				Base,
			);
			mainGroup = 30E91E581CC6508A009539D6;
			productRefGroup = 30E91E621CC6508A009539D6 /* Products */;
			projectDirPath = "";
			projectRoot = "";
			targets = (
				30E91E601CC6508A009539D6 /* HypnoNerd */,
			);
		};
/* End PBXProject section */

/* Begin PBXResourcesBuildPhase section */
		30E91E5F1CC6508A009539D6 /* Resources */ = {
			isa = PBXResourcesBuildPhase;
			buildActionMask = 2147483647;
			files = (
				30E91E821CC65718009539D6 /* RemainderViewController.xib in Resources */,
				30E91E6B1CC6508A009539D6 /* Assets.xcassets in Resources */,
				30E91E6E1CC6508A009539D6 /* LaunchScreen.storyboard in Resources */,
			);
			runOnlyForDeploymentPostprocessing = 0;
		};
/* End PBXResourcesBuildPhase section */

/* Begin PBXSourcesBuildPhase section */
		30E91E5D1CC6508A009539D6 /* Sources */ = {
			isa = PBXSourcesBuildPhase;
			buildActionMask = 2147483647;
			files = (
				30E91E691CC6508A009539D6 /* AppDelegate.m in Sources */,
				30E91E661CC6508A009539D6 /* main.m in Sources */,
				30E91E801CC654A2009539D6 /* RemainderViewController.m in Sources */,
				30E91E771CC650B2009539D6 /* HypnosisView.m in Sources */,
				30E91E7D1CC65167009539D6 /* HypnosisViewController.m in Sources */,
			);
			runOnlyForDeploymentPostprocessing = 0;
		};
/* End PBXSourcesBuildPhase section */

/* Begin PBXVariantGroup section */
		30E91E6C1CC6508A009539D6 /* LaunchScreen.storyboard */ = {
			isa = PBXVariantGroup;
			children = (
				30E91E6D1CC6508A009539D6 /* Base */,
			);
			name = LaunchScreen.storyboard;
			sourceTree = "<group>";
		};
/* End PBXVariantGroup section */

/* Begin XCBuildConfiguration section */
		30E91E701CC6508A009539D6 /* Debug */ = {
			isa = XCBuildConfiguration;
			buildSettings = {
				ALWAYS_SEARCH_USER_PATHS = NO;
				CLANG_ANALYZER_NONNULL = YES;
				CLANG_CXX_LANGUAGE_STANDARD = "gnu++0x";
				CLANG_CXX_LIBRARY = "libc++";
				CLANG_ENABLE_MODULES = YES;
				CLANG_ENABLE_OBJC_ARC = YES;
				CLANG_WARN_BOOL_CONVERSION = YES;
				CLANG_WARN_CONSTANT_CONVERSION = YES;
				CLANG_WARN_DIRECT_OBJC_ISA_USAGE = YES_ERROR;
				CLANG_WARN_EMPTY_BODY = YES;
				CLANG_WARN_ENUM_CONVERSION = YES;
				CLANG_WARN_INT_CONVERSION = YES;
				CLANG_WARN_OBJC_ROOT_CLASS = YES_ERROR;
				CLANG_WARN_UNREACHABLE_CODE = YES;
				CLANG_WARN__DUPLICATE_METHOD_MATCH = YES;
				"CODE_SIGN_IDENTITY[sdk=iphoneos*]" = "iPhone Developer";
				COPY_PHASE_STRIP = NO;
				DEBUG_INFORMATION_FORMAT = dwarf;
				ENABLE_STRICT_OBJC_MSGSEND = YES;
				ENABLE_TESTABILITY = YES;
				GCC_C_LANGUAGE_STANDARD = gnu99;
				GCC_DYNAMIC_NO_PIC = NO;
				GCC_NO_COMMON_BLOCKS = YES;
				GCC_OPTIMIZATION_LEVEL = 0;
				GCC_PREPROCESSOR_DEFINITIONS = (
					"DEBUG=1",
					"$(inherited)",
				);
				GCC_WARN_64_TO_32_BIT_CONVERSION = YES;
				GCC_WARN_ABOUT_RETURN_TYPE = YES_ERROR;
				GCC_WARN_UNDECLARED_SELECTOR = YES;
				GCC_WARN_UNINITIALIZED_AUTOS = YES_AGGRESSIVE;
				GCC_WARN_UNUSED_FUNCTION = YES;
				GCC_WARN_UNUSED_VARIABLE = YES;
				IPHONEOS_DEPLOYMENT_TARGET = 9.3;
				MTL_ENABLE_DEBUG_INFO = YES;
				ONLY_ACTIVE_ARCH = YES;
				SDKROOT = iphoneos;
			};
			name = Debug;
		};
		30E91E711CC6508A009539D6 /* Release */ = {
			isa = XCBuildConfiguration;
			buildSettings = {
				ALWAYS_SEARCH_USER_PATHS = NO;
				CLANG_ANALYZER_NONNULL = YES;
				CLANG_CXX_LANGUAGE_STANDARD = "gnu++0x";
				CLANG_CXX_LIBRARY = "libc++";
				CLANG_ENABLE_MODULES = YES;
				CLANG_ENABLE_OBJC_ARC = YES;
				CLANG_WARN_BOOL_CONVERSION = YES;
				CLANG_WARN_CONSTANT_CONVERSION = YES;
				CLANG_WARN_DIRECT_OBJC_ISA_USAGE = YES_ERROR;
				CLANG_WARN_EMPTY_BODY = YES;
				CLANG_WARN_ENUM_CONVERSION = YES;
				CLANG_WARN_INT_CONVERSION = YES;
				CLANG_WARN_OBJC_ROOT_CLASS = YES_ERROR;
				CLANG_WARN_UNREACHABLE_CODE = YES;
				CLANG_WARN__DUPLICATE_METHOD_MATCH = YES;
				"CODE_SIGN_IDENTITY[sdk=iphoneos*]" = "iPhone Developer";
				COPY_PHASE_STRIP = NO;
				DEBUG_INFORMATION_FORMAT = "dwarf-with-dsym";
				ENABLE_NS_ASSERTIONS = NO;
				ENABLE_STRICT_OBJC_MSGSEND = YES;
				GCC_C_LANGUAGE_STANDARD = gnu99;
				GCC_NO_COMMON_BLOCKS = YES;
				GCC_WARN_64_TO_32_BIT_CONVERSION = YES;
				GCC_WARN_ABOUT_RETURN_TYPE = YES_ERROR;
				GCC_WARN_UNDECLARED_SELECTOR = YES;
				GCC_WARN_UNINITIALIZED_AUTOS = YES_AGGRESSIVE;
				GCC_WARN_UNUSED_FUNCTION = YES;
				GCC_WARN_UNUSED_VARIABLE = YES;
				IPHONEOS_DEPLOYMENT_TARGET = 9.3;
				MTL_ENABLE_DEBUG_INFO = NO;
				SDKROOT = iphoneos;
				VALIDATE_PRODUCT = YES;
			};
			name = Release;
		};
		30E91E731CC6508A009539D6 /* Debug */ = {
			isa = XCBuildConfiguration;
			buildSettings = {
				ASSETCATALOG_COMPILER_APPICON_NAME = AppIcon;
				INFOPLIST_FILE = HypnoNerd/Info.plist;
				LD_RUNPATH_SEARCH_PATHS = "$(inherited) @executable_path/Frameworks";
				PRODUCT_BUNDLE_IDENTIFIER = "com.ra-portfolio.HypnoNerd";
				PRODUCT_NAME = "$(TARGET_NAME)";
			};
			name = Debug;
		};
		30E91E741CC6508A009539D6 /* Release */ = {
			isa = XCBuildConfiguration;
			buildSettings = {
				ASSETCATALOG_COMPILER_APPICON_NAME = AppIcon;
				INFOPLIST_FILE = HypnoNerd/Info.plist;
				LD_RUNPATH_SEARCH_PATHS = "$(inherited) @executable_path/Frameworks";
				PRODUCT_BUNDLE_IDENTIFIER = "com.ra-portfolio.HypnoNerd";
				PRODUCT_NAME = "$(TARGET_NAME)";
			};
			name = Release;
		};
/* End XCBuildConfiguration section */

/* Begin XCConfigurationList section */
		30E91E5C1CC6508A009539D6 /* Build configuration list for PBXProject "HypnoNerd" */ = {
			isa = XCConfigurationList;
			buildConfigurations = (
				30E91E701CC6508A009539D6 /* Debug */,
				30E91E711CC6508A009539D6 /* Release */,
			);
			defaultConfigurationIsVisible = 0;
			defaultConfigurationName = Release;
		};
		30E91E721CC6508A009539D6 /* Build configuration list for PBXNativeTarget "HypnoNerd" */ = {
			isa = XCConfigurationList;
			buildConfigurations = (
				30E91E731CC6508A009539D6 /* Debug */,
				30E91E741CC6508A009539D6 /* Release */,
			);
			defaultConfigurationIsVisible = 0;
			defaultConfigurationName = Release;
		};
/* End XCConfigurationList section */
	};
	rootObject = 30E91E591CC6508A009539D6 /* Project object */;
}
